
Microsoft Visual Studio Solution File, Format Version 12.00
Project("{FAE04EC0-301F-11D3-BF4B-00C04F79EFBC}") = "InterprocessComms", "InterprocessComms\InterprocessComms.csproj", "{21F5B47E-49C3-431B-A228-18A981C1DFE0}"
EndProject
Project("{FAE04EC0-301F-11D3-BF4B-00C04F79EFBC}") = "InterprocessComms.Tests", "InterprocessComms.Tests\InterprocessComms.Tests.csproj", "{339A849B-72ED-4531-A266-FDD0139CDD7B}"
EndProject
Global
	GlobalSection(SolutionConfigurationPlatforms) = preSolution
		Debug|Any CPU = Debug|Any CPU
		Release|Any CPU = Release|Any CPU
	EndGlobalSection
	GlobalSection(ProjectConfigurationPlatforms) = postSolution
		{21F5B47E-49C3-431B-A228-18A981C1DFE0}.Debug|Any CPU.ActiveCfg = Debug|Any CPU
		{21F5B47E-49C3-431B-A228-18A981C1DFE0}.Debug|Any CPU.Build.0 = Debug|Any CPU
		{21F5B47E-49C3-431B-A228-18A981C1DFE0}.Release|Any CPU.ActiveCfg = Release|Any CPU
		{21F5B47E-49C3-431B-A228-18A981C1DFE0}.Release|Any CPU.Build.0 = Release|Any CPU
		{339A849B-72ED-4531-A266-FDD0139CDD7B}.Debug|Any CPU.ActiveCfg = Debug|Any CPU
		{339A849B-72ED-4531-A266-FDD0139CDD7B}.Debug|Any CPU.Build.0 = Debug|Any CPU
		{339A849B-72ED-4531-A266-FDD0139CDD7B}.Release|Any CPU.ActiveCfg = Release|Any CPU
		{339A849B-72ED-4531-A266-FDD0139CDD7B}.Release|Any CPU.Build.0 = Release|Any CPU
	EndGlobalSection
EndGlobal
